
Microsoft Visual Studio Solution File, Format Version 12.00
# Visual Studio Version 17
VisualStudioVersion = 17.0.31912.275
MinimumVisualStudioVersion = 10.0.40219.1
Project("{FAE04EC0-301F-11D3-BF4B-00C04F79EFBC}") = "ListaPaneluri", "ListaPaneluri\ListaPaneluri.csproj", "{FD0A80CF-C584-4BEF-9EAA-9DAADDB0F9C1}"
EndProject
Global
	GlobalSection(SolutionConfigurationPlatforms) = preSolution
		Debug|Any CPU = Debug|Any CPU
		Release|Any CPU = Release|Any CPU
	EndGlobalSection
	GlobalSection(ProjectConfigurationPlatforms) = postSolution
		{FD0A80CF-C584-4BEF-9EAA-9DAADDB0F9C1}.Debug|Any CPU.ActiveCfg = Debug|Any CPU
		{FD0A80CF-C584-4BEF-9EAA-9DAADDB0F9C1}.Debug|Any CPU.Build.0 = Debug|Any CPU
		{FD0A80CF-C584-4BEF-9EAA-9DAADDB0F9C1}.Release|Any CPU.ActiveCfg = Release|Any CPU
		{FD0A80CF-C584-4BEF-9EAA-9DAADDB0F9C1}.Release|Any CPU.Build.0 = Release|Any CPU
	EndGlobalSection
	GlobalSection(SolutionProperties) = preSolution
		HideSolutionNode = FALSE
	EndGlobalSection
	GlobalSection(ExtensibilityGlobals) = postSolution
		SolutionGuid = {CD7BA283-5395-4D48-8134-BFFCC35A31C0}
	EndGlobalSection
EndGlobal
